
Microsoft Visual Studio Solution File, Format Version 12.00
# Visual Studio Version 16
VisualStudioVersion = 16.0.31424.327
MinimumVisualStudioVersion = 10.0.40219.1
Project("{FAE04EC0-301F-11D3-BF4B-00C04F79EFBC}") = "LegoMinifigures2", "LegoMinifigures2\LegoMinifigures2.csproj", "{804AAC13-A9A1-453D-8EFF-6C5782368B71}"
EndProject
Global
	GlobalSection(SolutionConfigurationPlatforms) = preSolution
		Debug|Any CPU = Debug|Any CPU
		Release|Any CPU = Release|Any CPU
	EndGlobalSection
	GlobalSection(ProjectConfigurationPlatforms) = postSolution
		{804AAC13-A9A1-453D-8EFF-6C5782368B71}.Debug|Any CPU.ActiveCfg = Debug|Any CPU
		{804AAC13-A9A1-453D-8EFF-6C5782368B71}.Debug|Any CPU.Build.0 = Debug|Any CPU
		{804AAC13-A9A1-453D-8EFF-6C5782368B71}.Release|Any CPU.ActiveCfg = Release|Any CPU
		{804AAC13-A9A1-453D-8EFF-6C5782368B71}.Release|Any CPU.Build.0 = Release|Any CPU
	EndGlobalSection
	GlobalSection(SolutionProperties) = preSolution
		HideSolutionNode = FALSE
	EndGlobalSection
	GlobalSection(ExtensibilityGlobals) = postSolution
		SolutionGuid = {77838270-0FF9-43A4-9EE7-951F52D9F0F0}
	EndGlobalSection
EndGlobal
